<?xml version="1.0" encoding="UTF-8" standalone="yes" ?>
<CodeBlocks_project_file>
	<FileVersion major="1" minor="6" />
	<Project>
		<Option title="Vjezba 7" />
		<Option pch_mode="2" />
		<Option compiler="gcc" />
		<Build>
			<Target title="Debug">
				<Option output="bin/Debug/Vjezba 7" prefix_auto="1" extension_auto="1" />
				<Option object_output="obj/Debug/" />
				<Option type="1" />
				<Option compiler="gcc" />
				<Compiler>
					<Add option="-g" />
					<Add directory="include" />
				</Compiler>
			</Target>
			<Target title="Release">
				<Option output="bin/Release/Vjezba 7" prefix_auto="1" extension_auto="1" />
				<Option object_output="obj/Release/" />
				<Option type="1" />
				<Option compiler="gcc" />
				<Compiler>
					<Add option="-O2" />
					<Add directory="include" />
				</Compiler>
				<Linker>
					<Add option="-s" />
				</Linker>
			</Target>
		</Build>
		<Compiler>
			<Add option="-Wall" />
			<Add option="-fexceptions" />
		</Compiler>
		<Unit filename="include/aircraft.h" />
		<Unit filename="include/bike.h" />
		<Unit filename="include/car.h" />
		<Unit filename="include/catamaran.h" />
		<Unit filename="include/counter.h" />
		<Unit filename="include/ferry.h" />
		<Unit filename="include/land_vehicle.h" />
		<Unit filename="include/seaplane.h" />
		<Unit filename="include/vehicle.h" />
		<Unit filename="include/watercraft.h" />
		<Unit filename="main.cpp" />
		<Unit filename="src/aircraft.cpp" />
		<Unit filename="src/bike.cpp" />
		<Unit filename="src/car.cpp" />
		<Unit filename="src/catamaran.cpp" />
		<Unit filename="src/counter.cpp" />
		<Unit filename="src/ferry.cpp" />
		<Unit filename="src/land_vehicle.cpp" />
		<Unit filename="src/seaplane.cpp" />
		<Unit filename="src/vehicle.cpp" />
		<Unit filename="src/watercraft.cpp" />
		<Extensions>
			<code_completion />
			<envvars />
			<debugger />
			<lib_finder disable_auto="1" />
		</Extensions>
	</Project>
</CodeBlocks_project_file>
